
Microsoft Visual Studio Solution File, Format Version 12.00
# Visual Studio Version 17
VisualStudioVersion = 17.10.34928.147
MinimumVisualStudioVersion = 10.0.40219.1
Project("{FAE04EC0-301F-11D3-BF4B-00C04F79EFBC}") = "Labtask2", "Labtask2\Labtask2.csproj", "{FA205836-5EF1-4BAC-A805-8FBBE0E58E1A}"
EndProject
Global
	GlobalSection(SolutionConfigurationPlatforms) = preSolution
		Debug|Any CPU = Debug|Any CPU
		Release|Any CPU = Release|Any CPU
	EndGlobalSection
	GlobalSection(ProjectConfigurationPlatforms) = postSolution
		{FA205836-5EF1-4BAC-A805-8FBBE0E58E1A}.Debug|Any CPU.ActiveCfg = Debug|Any CPU
		{FA205836-5EF1-4BAC-A805-8FBBE0E58E1A}.Debug|Any CPU.Build.0 = Debug|Any CPU
		{FA205836-5EF1-4BAC-A805-8FBBE0E58E1A}.Release|Any CPU.ActiveCfg = Release|Any CPU
		{FA205836-5EF1-4BAC-A805-8FBBE0E58E1A}.Release|Any CPU.Build.0 = Release|Any CPU
	EndGlobalSection
	GlobalSection(SolutionProperties) = preSolution
		HideSolutionNode = FALSE
	EndGlobalSection
	GlobalSection(ExtensibilityGlobals) = postSolution
		SolutionGuid = {16062EED-07E6-4D11-A475-92D3B737CE64}
	EndGlobalSection
EndGlobal
